
Microsoft Visual Studio Solution File, Format Version 12.00
# Visual Studio Version 17
VisualStudioVersion = 17.11.35312.102
MinimumVisualStudioVersion = 10.0.40219.1
Project("{FAE04EC0-301F-11D3-BF4B-00C04F79EFBC}") = "EmpleadoPrueba", "EmpleadoPrueba\EmpleadoPrueba.csproj", "{8B421D73-F87B-4FF1-8210-E31F6251E30D}"
EndProject
Global
	GlobalSection(SolutionConfigurationPlatforms) = preSolution
		Debug|Any CPU = Debug|Any CPU
		Release|Any CPU = Release|Any CPU
	EndGlobalSection
	GlobalSection(ProjectConfigurationPlatforms) = postSolution
		{8B421D73-F87B-4FF1-8210-E31F6251E30D}.Debug|Any CPU.ActiveCfg = Debug|Any CPU
		{8B421D73-F87B-4FF1-8210-E31F6251E30D}.Debug|Any CPU.Build.0 = Debug|Any CPU
		{8B421D73-F87B-4FF1-8210-E31F6251E30D}.Release|Any CPU.ActiveCfg = Release|Any CPU
		{8B421D73-F87B-4FF1-8210-E31F6251E30D}.Release|Any CPU.Build.0 = Release|Any CPU
	EndGlobalSection
	GlobalSection(SolutionProperties) = preSolution
		HideSolutionNode = FALSE
	EndGlobalSection
	GlobalSection(ExtensibilityGlobals) = postSolution
		SolutionGuid = {7906AC93-5B4B-457B-BD32-B85B40DA24B9}
	EndGlobalSection
EndGlobal
